// !$*UTF8*$!
{
	archiveVersion = 1;
	classes = {
	};
	objectVersion = 55;
	objects = {

/* Begin PBXBuildFile section */
		E9FFB23E2879FC79003AB06E /* AppDelegate.swift in Sources */ = {isa = PBXBuildFile; fileRef = E9FFB23D2879FC79003AB06E /* AppDelegate.swift */; };
		E9FFB2402879FC79003AB06E /* SceneDelegate.swift in Sources */ = {isa = PBXBuildFile; fileRef = E9FFB23F2879FC79003AB06E /* SceneDelegate.swift */; };
		E9FFB2422879FC79003AB06E /* ViewController.swift in Sources */ = {isa = PBXBuildFile; fileRef = E9FFB2412879FC79003AB06E /* ViewController.swift */; };
		E9FFB2452879FC79003AB06E /* Main.storyboard in Resources */ = {isa = PBXBuildFile; fileRef = E9FFB2432879FC79003AB06E /* Main.storyboard */; };
		E9FFB2472879FC7B003AB06E /* Assets.xcassets in Resources */ = {isa = PBXBuildFile; fileRef = E9FFB2462879FC7B003AB06E /* Assets.xcassets */; };
		E9FFB24A2879FC7B003AB06E /* LaunchScreen.storyboard in Resources */ = {isa = PBXBuildFile; fileRef = E9FFB2482879FC7B003AB06E /* LaunchScreen.storyboard */; };
		E9FFB2552879FC7C003AB06E /* QuizTests.swift in Sources */ = {isa = PBXBuildFile; fileRef = E9FFB2542879FC7C003AB06E /* QuizTests.swift */; };
		E9FFB25F2879FC7C003AB06E /* QuizUITests.swift in Sources */ = {isa = PBXBuildFile; fileRef = E9FFB25E2879FC7C003AB06E /* QuizUITests.swift */; };
		E9FFB2612879FC7C003AB06E /* QuizUITestsLaunchTests.swift in Sources */ = {isa = PBXBuildFile; fileRef = E9FFB2602879FC7C003AB06E /* QuizUITestsLaunchTests.swift */; };
/* End PBXBuildFile section */

/* Begin PBXContainerItemProxy section */
		E9FFB2512879FC7C003AB06E /* PBXContainerItemProxy */ = {
			isa = PBXContainerItemProxy;
			containerPortal = E9FFB2322879FC79003AB06E /* Project object */;
			proxyType = 1;
			remoteGlobalIDString = E9FFB2392879FC79003AB06E;
			remoteInfo = Quiz;
		};
		E9FFB25B2879FC7C003AB06E /* PBXContainerItemProxy */ = {
			isa = PBXContainerItemProxy;
			containerPortal = E9FFB2322879FC79003AB06E /* Project object */;
			proxyType = 1;
			remoteGlobalIDString = E9FFB2392879FC79003AB06E;
			remoteInfo = Quiz;
		};
/* End PBXContainerItemProxy section */

/* Begin PBXFileReference section */
		E9FFB23A2879FC79003AB06E /* Quiz.app */ = {isa = PBXFileReference; explicitFileType = wrapper.application; includeInIndex = 0; path = Quiz.app; sourceTree = BUILT_PRODUCTS_DIR; };
		E9FFB23D2879FC79003AB06E /* AppDelegate.swift */ = {isa = PBXFileReference; lastKnownFileType = sourcecode.swift; path = AppDelegate.swift; sourceTree = "<group>"; };
		E9FFB23F2879FC79003AB06E /* SceneDelegate.swift */ = {isa = PBXFileReference; lastKnownFileType = sourcecode.swift; path = SceneDelegate.swift; sourceTree = "<group>"; };
		E9FFB2412879FC79003AB06E /* ViewController.swift */ = {isa = PBXFileReference; lastKnownFileType = sourcecode.swift; path = ViewController.swift; sourceTree = "<group>"; };
		E9FFB2442879FC79003AB06E /* Base */ = {isa = PBXFileReference; lastKnownFileType = file.storyboard; name = Base; path = Base.lproj/Main.storyboard; sourceTree = "<group>"; };
		E9FFB2462879FC7B003AB06E /* Assets.xcassets */ = {isa = PBXFileReference; lastKnownFileType = folder.assetcatalog; path = Assets.xcassets; sourceTree = "<group>"; };
		E9FFB2492879FC7B003AB06E /* Base */ = {isa = PBXFileReference; lastKnownFileType = file.storyboard; name = Base; path = Base.lproj/LaunchScreen.storyboard; sourceTree = "<group>"; };
		E9FFB24B2879FC7B003AB06E /* Info.plist */ = {isa = PBXFileReference; lastKnownFileType = text.plist.xml; path = Info.plist; sourceTree = "<group>"; };
		E9FFB2502879FC7C003AB06E /* QuizTests.xctest */ = {isa = PBXFileReference; explicitFileType = wrapper.cfbundle; includeInIndex = 0; path = QuizTests.xctest; sourceTree = BUILT_PRODUCTS_DIR; };
		E9FFB2542879FC7C003AB06E /* QuizTests.swift */ = {isa = PBXFileReference; lastKnownFileType = sourcecode.swift; path = QuizTests.swift; sourceTree = "<group>"; };
		E9FFB25A2879FC7C003AB06E /* QuizUITests.xctest */ = {isa = PBXFileReference; explicitFileType = wrapper.cfbundle; includeInIndex = 0; path = QuizUITests.xctest; sourceTree = BUILT_PRODUCTS_DIR; };
		E9FFB25E2879FC7C003AB06E /* QuizUITests.swift */ = {isa = PBXFileReference; lastKnownFileType = sourcecode.swift; path = QuizUITests.swift; sourceTree = "<group>"; };
		E9FFB2602879FC7C003AB06E /* QuizUITestsLaunchTests.swift */ = {isa = PBXFileReference; lastKnownFileType = sourcecode.swift; path = QuizUITestsLaunchTests.swift; sourceTree = "<group>"; };
/* End PBXFileReference section */

/* Begin PBXFrameworksBuildPhase section */
		E9FFB2372879FC79003AB06E /* Frameworks */ = {
			isa = PBXFrameworksBuildPhase;
			buildActionMask = 2147483647;
			files = (
			);
			runOnlyForDeploymentPostprocessing = 0;
		};
		E9FFB24D2879FC7C003AB06E /* Frameworks */ = {
			isa = PBXFrameworksBuildPhase;
			buildActionMask = 2147483647;
			files = (
			);
			runOnlyForDeploymentPostprocessing = 0;
		};
		E9FFB2572879FC7C003AB06E /* Frameworks */ = {
			isa = PBXFrameworksBuildPhase;
			buildActionMask = 2147483647;
			files = (
			);
			runOnlyForDeploymentPostprocessing = 0;
		};
/* End PBXFrameworksBuildPhase section */

/* Begin PBXGroup section */
		E9FFB2312879FC79003AB06E = {
			isa = PBXGroup;
			children = (
				E9FFB23C2879FC79003AB06E /* Quiz */,
				E9FFB2532879FC7C003AB06E /* QuizTests */,
				E9FFB25D2879FC7C003AB06E /* QuizUITests */,
				E9FFB23B2879FC79003AB06E /* Products */,
			);
			sourceTree = "<group>";
		};
		E9FFB23B2879FC79003AB06E /* Products */ = {
			isa = PBXGroup;
			children = (
				E9FFB23A2879FC79003AB06E /* Quiz.app */,
				E9FFB2502879FC7C003AB06E /* QuizTests.xctest */,
				E9FFB25A2879FC7C003AB06E /* QuizUITests.xctest */,
			);
			name = Products;
			sourceTree = "<group>";
		};
		E9FFB23C2879FC79003AB06E /* Quiz */ = {
			isa = PBXGroup;
			children = (
				E9FFB23D2879FC79003AB06E /* AppDelegate.swift */,
				E9FFB23F2879FC79003AB06E /* SceneDelegate.swift */,
				E9FFB2412879FC79003AB06E /* ViewController.swift */,
				E9FFB2432879FC79003AB06E /* Main.storyboard */,
				E9FFB2462879FC7B003AB06E /* Assets.xcassets */,
				E9FFB2482879FC7B003AB06E /* LaunchScreen.storyboard */,
				E9FFB24B2879FC7B003AB06E /* Info.plist */,
			);
			path = Quiz;
			sourceTree = "<group>";
		};
		E9FFB2532879FC7C003AB06E /* QuizTests */ = {
			isa = PBXGroup;
			children = (
				E9FFB2542879FC7C003AB06E /* QuizTests.swift */,
			);
			path = QuizTests;
			sourceTree = "<group>";
		};
		E9FFB25D2879FC7C003AB06E /* QuizUITests */ = {
			isa = PBXGroup;
			children = (
				E9FFB25E2879FC7C003AB06E /* QuizUITests.swift */,
				E9FFB2602879FC7C003AB06E /* QuizUITestsLaunchTests.swift */,
			);
			path = QuizUITests;
			sourceTree = "<group>";
		};
/* End PBXGroup section */

/* Begin PBXNativeTarget section */
		E9FFB2392879FC79003AB06E /* Quiz */ = {
			isa = PBXNativeTarget;
			buildConfigurationList = E9FFB2642879FC7C003AB06E /* Build configuration list for PBXNativeTarget "Quiz" */;
			buildPhases = (
				E9FFB2362879FC79003AB06E /* Sources */,
				E9FFB2372879FC79003AB06E /* Frameworks */,
				E9FFB2382879FC79003AB06E /* Resources */,
			);
			buildRules = (
			);
			dependencies = (
			);
			name = Quiz;
			productName = Quiz;
			productReference = E9FFB23A2879FC79003AB06E /* Quiz.app */;
			productType = "com.apple.product-type.application";
		};
		E9FFB24F2879FC7C003AB06E /* QuizTests */ = {
			isa = PBXNativeTarget;
			buildConfigurationList = E9FFB2672879FC7C003AB06E /* Build configuration list for PBXNativeTarget "QuizTests" */;
			buildPhases = (
				E9FFB24C2879FC7C003AB06E /* Sources */,
				E9FFB24D2879FC7C003AB06E /* Frameworks */,
				E9FFB24E2879FC7C003AB06E /* Resources */,
			);
			buildRules = (
			);
			dependencies = (
				E9FFB2522879FC7C003AB06E /* PBXTargetDependency */,
			);
			name = QuizTests;
			productName = QuizTests;
			productReference = E9FFB2502879FC7C003AB06E /* QuizTests.xctest */;
			productType = "com.apple.product-type.bundle.unit-test";
		};
		E9FFB2592879FC7C003AB06E /* QuizUITests */ = {
			isa = PBXNativeTarget;
			buildConfigurationList = E9FFB26A2879FC7C003AB06E /* Build configuration list for PBXNativeTarget "QuizUITests" */;
			buildPhases = (
				E9FFB2562879FC7C003AB06E /* Sources */,
				E9FFB2572879FC7C003AB06E /* Frameworks */,
				E9FFB2582879FC7C003AB06E /* Resources */,
			);
			buildRules = (
			);
			dependencies = (
				E9FFB25C2879FC7C003AB06E /* PBXTargetDependency */,
			);
			name = QuizUITests;
			productName = QuizUITests;
			productReference = E9FFB25A2879FC7C003AB06E /* QuizUITests.xctest */;
			productType = "com.apple.product-type.bundle.ui-testing";
		};
/* End PBXNativeTarget section */

/* Begin PBXProject section */
		E9FFB2322879FC79003AB06E /* Project object */ = {
			isa = PBXProject;
			attributes = {
				BuildIndependentTargetsInParallel = 1;
				LastSwiftUpdateCheck = 1330;
				LastUpgradeCheck = 1330;
				TargetAttributes = {
					E9FFB2392879FC79003AB06E = {
						CreatedOnToolsVersion = 13.3;
					};
					E9FFB24F2879FC7C003AB06E = {
						CreatedOnToolsVersion = 13.3;
						TestTargetID = E9FFB2392879FC79003AB06E;
					};
					E9FFB2592879FC7C003AB06E = {
						CreatedOnToolsVersion = 13.3;
						TestTargetID = E9FFB2392879FC79003AB06E;
					};
				};
			};
			buildConfigurationList = E9FFB2352879FC79003AB06E /* Build configuration list for PBXProject "Quiz" */;
			compatibilityVersion = "Xcode 13.0";
			developmentRegion = en;
			hasScannedForEncodings = 0;
			knownRegions = (
				en,
				Base,
			);
			mainGroup = E9FFB2312879FC79003AB06E;
			productRefGroup = E9FFB23B2879FC79003AB06E /* Products */;
			projectDirPath = "";
			projectRoot = "";
			targets = (
				E9FFB2392879FC79003AB06E /* Quiz */,
				E9FFB24F2879FC7C003AB06E /* QuizTests */,
				E9FFB2592879FC7C003AB06E /* QuizUITests */,
			);
		};
/* End PBXProject section */

/* Begin PBXResourcesBuildPhase section */
		E9FFB2382879FC79003AB06E /* Resources */ = {
			isa = PBXResourcesBuildPhase;
			buildActionMask = 2147483647;
			files = (
				E9FFB24A2879FC7B003AB06E /* LaunchScreen.storyboard in Resources */,
				E9FFB2472879FC7B003AB06E /* Assets.xcassets in Resources */,
				E9FFB2452879FC79003AB06E /* Main.storyboard in Resources */,
			);
			runOnlyForDeploymentPostprocessing = 0;
		};
		E9FFB24E2879FC7C003AB06E /* Resources */ = {
			isa = PBXResourcesBuildPhase;
			buildActionMask = 2147483647;
			files = (
			);
			runOnlyForDeploymentPostprocessing = 0;
		};
		E9FFB2582879FC7C003AB06E /* Resources */ = {
			isa = PBXResourcesBuildPhase;
			buildActionMask = 2147483647;
			files = (
			);
			runOnlyForDeploymentPostprocessing = 0;
		};
/* End PBXResourcesBuildPhase section */

/* Begin PBXSourcesBuildPhase section */
		E9FFB2362879FC79003AB06E /* Sources */ = {
			isa = PBXSourcesBuildPhase;
			buildActionMask = 2147483647;
			files = (
				E9FFB2422879FC79003AB06E /* ViewController.swift in Sources */,
				E9FFB23E2879FC79003AB06E /* AppDelegate.swift in Sources */,
				E9FFB2402879FC79003AB06E /* SceneDelegate.swift in Sources */,
			);
			runOnlyForDeploymentPostprocessing = 0;
		};
		E9FFB24C2879FC7C003AB06E /* Sources */ = {
			isa = PBXSourcesBuildPhase;
			buildActionMask = 2147483647;
			files = (
				E9FFB2552879FC7C003AB06E /* QuizTests.swift in Sources */,
			);
			runOnlyForDeploymentPostprocessing = 0;
		};
		E9FFB2562879FC7C003AB06E /* Sources */ = {
			isa = PBXSourcesBuildPhase;
			buildActionMask = 2147483647;
			files = (
				E9FFB25F2879FC7C003AB06E /* QuizUITests.swift in Sources */,
				E9FFB2612879FC7C003AB06E /* QuizUITestsLaunchTests.swift in Sources */,
			);
			runOnlyForDeploymentPostprocessing = 0;
		};
/* End PBXSourcesBuildPhase section */

/* Begin PBXTargetDependency section */
		E9FFB2522879FC7C003AB06E /* PBXTargetDependency */ = {
			isa = PBXTargetDependency;
			target = E9FFB2392879FC79003AB06E /* Quiz */;
			targetProxy = E9FFB2512879FC7C003AB06E /* PBXContainerItemProxy */;
		};
		E9FFB25C2879FC7C003AB06E /* PBXTargetDependency */ = {
			isa = PBXTargetDependency;
			target = E9FFB2392879FC79003AB06E /* Quiz */;
			targetProxy = E9FFB25B2879FC7C003AB06E /* PBXContainerItemProxy */;
		};
/* End PBXTargetDependency section */

/* Begin PBXVariantGroup section */
		E9FFB2432879FC79003AB06E /* Main.storyboard */ = {
			isa = PBXVariantGroup;
			children = (
				E9FFB2442879FC79003AB06E /* Base */,
			);
			name = Main.storyboard;
			sourceTree = "<group>";
		};
		E9FFB2482879FC7B003AB06E /* LaunchScreen.storyboard */ = {
			isa = PBXVariantGroup;
			children = (
				E9FFB2492879FC7B003AB06E /* Base */,
			);
			name = LaunchScreen.storyboard;
			sourceTree = "<group>";
		};
/* End PBXVariantGroup section */

/* Begin XCBuildConfiguration section */
		E9FFB2622879FC7C003AB06E /* Debug */ = {
			isa = XCBuildConfiguration;
			buildSettings = {
				ALWAYS_SEARCH_USER_PATHS = NO;
				CLANG_ANALYZER_NONNULL = YES;
				CLANG_ANALYZER_NUMBER_OBJECT_CONVERSION = YES_AGGRESSIVE;
				CLANG_CXX_LANGUAGE_STANDARD = "gnu++17";
				CLANG_ENABLE_MODULES = YES;
				CLANG_ENABLE_OBJC_ARC = YES;
				CLANG_ENABLE_OBJC_WEAK = YES;
				CLANG_WARN_BLOCK_CAPTURE_AUTORELEASING = YES;
				CLANG_WARN_BOOL_CONVERSION = YES;
				CLANG_WARN_COMMA = YES;
				CLANG_WARN_CONSTANT_CONVERSION = YES;
				CLANG_WARN_DEPRECATED_OBJC_IMPLEMENTATIONS = YES;
				CLANG_WARN_DIRECT_OBJC_ISA_USAGE = YES_ERROR;
				CLANG_WARN_DOCUMENTATION_COMMENTS = YES;
				CLANG_WARN_EMPTY_BODY = YES;
				CLANG_WARN_ENUM_CONVERSION = YES;
				CLANG_WARN_INFINITE_RECURSION = YES;
				CLANG_WARN_INT_CONVERSION = YES;
				CLANG_WARN_NON_LITERAL_NULL_CONVERSION = YES;
				CLANG_WARN_OBJC_IMPLICIT_RETAIN_SELF = YES;
				CLANG_WARN_OBJC_LITERAL_CONVERSION = YES;
				CLANG_WARN_OBJC_ROOT_CLASS = YES_ERROR;
				CLANG_WARN_QUOTED_INCLUDE_IN_FRAMEWORK_HEADER = YES;
				CLANG_WARN_RANGE_LOOP_ANALYSIS = YES;
				CLANG_WARN_STRICT_PROTOTYPES = YES;
				CLANG_WARN_SUSPICIOUS_MOVE = YES;
				CLANG_WARN_UNGUARDED_AVAILABILITY = YES_AGGRESSIVE;
				CLANG_WARN_UNREACHABLE_CODE = YES;
				CLANG_WARN__DUPLICATE_METHOD_MATCH = YES;
				COPY_PHASE_STRIP = NO;
				DEBUG_INFORMATION_FORMAT = dwarf;
				ENABLE_STRICT_OBJC_MSGSEND = YES;
				ENABLE_TESTABILITY = YES;
				GCC_C_LANGUAGE_STANDARD = gnu11;
				GCC_DYNAMIC_NO_PIC = NO;
				GCC_NO_COMMON_BLOCKS = YES;
				GCC_OPTIMIZATION_LEVEL = 0;
				GCC_PREPROCESSOR_DEFINITIONS = (
					"DEBUG=1",
					"$(inherited)",
				);
				GCC_WARN_64_TO_32_BIT_CONVERSION = YES;
				GCC_WARN_ABOUT_RETURN_TYPE = YES_ERROR;
				GCC_WARN_UNDECLARED_SELECTOR = YES;
				GCC_WARN_UNINITIALIZED_AUTOS = YES_AGGRESSIVE;
				GCC_WARN_UNUSED_FUNCTION = YES;
				GCC_WARN_UNUSED_VARIABLE = YES;
				IPHONEOS_DEPLOYMENT_TARGET = 15.4;
				MTL_ENABLE_DEBUG_INFO = INCLUDE_SOURCE;
				MTL_FAST_MATH = YES;
				ONLY_ACTIVE_ARCH = YES;
				SDKROOT = iphoneos;
				SWIFT_ACTIVE_COMPILATION_CONDITIONS = DEBUG;
				SWIFT_OPTIMIZATION_LEVEL = "-Onone";
			};
			name = Debug;
		};
		E9FFB2632879FC7C003AB06E /* Release */ = {
			isa = XCBuildConfiguration;
			buildSettings = {
				ALWAYS_SEARCH_USER_PATHS = NO;
				CLANG_ANALYZER_NONNULL = YES;
				CLANG_ANALYZER_NUMBER_OBJECT_CONVERSION = YES_AGGRESSIVE;
				CLANG_CXX_LANGUAGE_STANDARD = "gnu++17";
				CLANG_ENABLE_MODULES = YES;
				CLANG_ENABLE_OBJC_ARC = YES;
				CLANG_ENABLE_OBJC_WEAK = YES;
				CLANG_WARN_BLOCK_CAPTURE_AUTORELEASING = YES;
				CLANG_WARN_BOOL_CONVERSION = YES;
				CLANG_WARN_COMMA = YES;
				CLANG_WARN_CONSTANT_CONVERSION = YES;
				CLANG_WARN_DEPRECATED_OBJC_IMPLEMENTATIONS = YES;
				CLANG_WARN_DIRECT_OBJC_ISA_USAGE = YES_ERROR;
				CLANG_WARN_DOCUMENTATION_COMMENTS = YES;
				CLANG_WARN_EMPTY_BODY = YES;
				CLANG_WARN_ENUM_CONVERSION = YES;
				CLANG_WARN_INFINITE_RECURSION = YES;
				CLANG_WARN_INT_CONVERSION = YES;
				CLANG_WARN_NON_LITERAL_NULL_CONVERSION = YES;
				CLANG_WARN_OBJC_IMPLICIT_RETAIN_SELF = YES;
				CLANG_WARN_OBJC_LITERAL_CONVERSION = YES;
				CLANG_WARN_OBJC_ROOT_CLASS = YES_ERROR;
				CLANG_WARN_QUOTED_INCLUDE_IN_FRAMEWORK_HEADER = YES;
				CLANG_WARN_RANGE_LOOP_ANALYSIS = YES;
				CLANG_WARN_STRICT_PROTOTYPES = YES;
				CLANG_WARN_SUSPICIOUS_MOVE = YES;
				CLANG_WARN_UNGUARDED_AVAILABILITY = YES_AGGRESSIVE;
				CLANG_WARN_UNREACHABLE_CODE = YES;
				CLANG_WARN__DUPLICATE_METHOD_MATCH = YES;
				COPY_PHASE_STRIP = NO;
				DEBUG_INFORMATION_FORMAT = "dwarf-with-dsym";
				ENABLE_NS_ASSERTIONS = NO;
				ENABLE_STRICT_OBJC_MSGSEND = YES;
				GCC_C_LANGUAGE_STANDARD = gnu11;
				GCC_NO_COMMON_BLOCKS = YES;
				GCC_WARN_64_TO_32_BIT_CONVERSION = YES;
				GCC_WARN_ABOUT_RETURN_TYPE = YES_ERROR;
				GCC_WARN_UNDECLARED_SELECTOR = YES;
				GCC_WARN_UNINITIALIZED_AUTOS = YES_AGGRESSIVE;
				GCC_WARN_UNUSED_FUNCTION = YES;
				GCC_WARN_UNUSED_VARIABLE = YES;
				IPHONEOS_DEPLOYMENT_TARGET = 15.4;
				MTL_ENABLE_DEBUG_INFO = NO;
				MTL_FAST_MATH = YES;
				SDKROOT = iphoneos;
				SWIFT_COMPILATION_MODE = wholemodule;
				SWIFT_OPTIMIZATION_LEVEL = "-O";
				VALIDATE_PRODUCT = YES;
			};
			name = Release;
		};
		E9FFB2652879FC7C003AB06E /* Debug */ = {
			isa = XCBuildConfiguration;
			buildSettings = {
				ASSETCATALOG_COMPILER_APPICON_NAME = AppIcon;
				ASSETCATALOG_COMPILER_GLOBAL_ACCENT_COLOR_NAME = AccentColor;
				CODE_SIGN_STYLE = Automatic;
				CURRENT_PROJECT_VERSION = 1;
				DEVELOPMENT_TEAM = CHBW9266RM;
				GENERATE_INFOPLIST_FILE = YES;
				INFOPLIST_FILE = Quiz/Info.plist;
				INFOPLIST_KEY_UIApplicationSupportsIndirectInputEvents = YES;
				INFOPLIST_KEY_UILaunchStoryboardName = Main;
				INFOPLIST_KEY_UIMainStoryboardFile = Main;
				INFOPLIST_KEY_UISupportedInterfaceOrientations_iPad = "UIInterfaceOrientationPortrait UIInterfaceOrientationPortraitUpsideDown UIInterfaceOrientationLandscapeLeft UIInterfaceOrientationLandscapeRight";
				INFOPLIST_KEY_UISupportedInterfaceOrientations_iPhone = "UIInterfaceOrientationPortrait UIInterfaceOrientationLandscapeLeft UIInterfaceOrientationLandscapeRight";
				LD_RUNPATH_SEARCH_PATHS = (
					"$(inherited)",
					"@executable_path/Frameworks",
				);
				MARKETING_VERSION = 1.0;
				PRODUCT_BUNDLE_IDENTIFIER = me.ericdigioia.Quiz;
				PRODUCT_NAME = "$(TARGET_NAME)";
				SWIFT_EMIT_LOC_STRINGS = YES;
				SWIFT_VERSION = 5.0;
				TARGETED_DEVICE_FAMILY = "1,2";
			};
			name = Debug;
		};
		E9FFB2662879FC7C003AB06E /* Release */ = {
			isa = XCBuildConfiguration;
			buildSettings = {
				ASSETCATALOG_COMPILER_APPICON_NAME = AppIcon;
				ASSETCATALOG_COMPILER_GLOBAL_ACCENT_COLOR_NAME = AccentColor;
				CODE_SIGN_STYLE = Automatic;
				CURRENT_PROJECT_VERSION = 1;
				DEVELOPMENT_TEAM = CHBW9266RM;
				GENERATE_INFOPLIST_FILE = YES;
				INFOPLIST_FILE = Quiz/Info.plist;
				INFOPLIST_KEY_UIApplicationSupportsIndirectInputEvents = YES;
				INFOPLIST_KEY_UILaunchStoryboardName = Main;
				INFOPLIST_KEY_UIMainStoryboardFile = Main;
				INFOPLIST_KEY_UISupportedInterfaceOrientations_iPad = "UIInterfaceOrientationPortrait UIInterfaceOrientationPortraitUpsideDown UIInterfaceOrientationLandscapeLeft UIInterfaceOrientationLandscapeRight";
				INFOPLIST_KEY_UISupportedInterfaceOrientations_iPhone = "UIInterfaceOrientationPortrait UIInterfaceOrientationLandscapeLeft UIInterfaceOrientationLandscapeRight";
				LD_RUNPATH_SEARCH_PATHS = (
					"$(inherited)",
					"@executable_path/Frameworks",
				);
				MARKETING_VERSION = 1.0;
				PRODUCT_BUNDLE_IDENTIFIER = me.ericdigioia.Quiz;
				PRODUCT_NAME = "$(TARGET_NAME)";
				SWIFT_EMIT_LOC_STRINGS = YES;
				SWIFT_VERSION = 5.0;
				TARGETED_DEVICE_FAMILY = "1,2";
			};
			name = Release;
		};
		E9FFB2682879FC7C003AB06E /* Debug */ = {
			isa = XCBuildConfiguration;
			buildSettings = {
				ALWAYS_EMBED_SWIFT_STANDARD_LIBRARIES = YES;
				BUNDLE_LOADER = "$(TEST_HOST)";
				CODE_SIGN_STYLE = Automatic;
				CURRENT_PROJECT_VERSION = 1;
				DEVELOPMENT_TEAM = CHBW9266RM;
				GENERATE_INFOPLIST_FILE = YES;
				IPHONEOS_DEPLOYMENT_TARGET = 15.4;
				MARKETING_VERSION = 1.0;
				PRODUCT_BUNDLE_IDENTIFIER = me.ericdigioia.QuizTests;
				PRODUCT_NAME = "$(TARGET_NAME)";
				SWIFT_EMIT_LOC_STRINGS = NO;
				SWIFT_VERSION = 5.0;
				TARGETED_DEVICE_FAMILY = "1,2";
				TEST_HOST = "$(BUILT_PRODUCTS_DIR)/Quiz.app/Quiz";
			};
			name = Debug;
		};
		E9FFB2692879FC7C003AB06E /* Release */ = {
			isa = XCBuildConfiguration;
			buildSettings = {
				ALWAYS_EMBED_SWIFT_STANDARD_LIBRARIES = YES;
				BUNDLE_LOADER = "$(TEST_HOST)";
				CODE_SIGN_STYLE = Automatic;
				CURRENT_PROJECT_VERSION = 1;
				DEVELOPMENT_TEAM = CHBW9266RM;
				GENERATE_INFOPLIST_FILE = YES;
				IPHONEOS_DEPLOYMENT_TARGET = 15.4;
				MARKETING_VERSION = 1.0;
				PRODUCT_BUNDLE_IDENTIFIER = me.ericdigioia.QuizTests;
				PRODUCT_NAME = "$(TARGET_NAME)";
				SWIFT_EMIT_LOC_STRINGS = NO;
				SWIFT_VERSION = 5.0;
				TARGETED_DEVICE_FAMILY = "1,2";
				TEST_HOST = "$(BUILT_PRODUCTS_DIR)/Quiz.app/Quiz";
			};
			name = Release;
		};
		E9FFB26B2879FC7C003AB06E /* Debug */ = {
			isa = XCBuildConfiguration;
			buildSettings = {
				ALWAYS_EMBED_SWIFT_STANDARD_LIBRARIES = YES;
				CODE_SIGN_STYLE = Automatic;
				CURRENT_PROJECT_VERSION = 1;
				DEVELOPMENT_TEAM = CHBW9266RM;
				GENERATE_INFOPLIST_FILE = YES;
				MARKETING_VERSION = 1.0;
				PRODUCT_BUNDLE_IDENTIFIER = me.ericdigioia.QuizUITests;
				PRODUCT_NAME = "$(TARGET_NAME)";
				SWIFT_EMIT_LOC_STRINGS = NO;
				SWIFT_VERSION = 5.0;
				TARGETED_DEVICE_FAMILY = "1,2";
				TEST_TARGET_NAME = Quiz;
			};
			name = Debug;
		};
		E9FFB26C2879FC7C003AB06E /* Release */ = {
			isa = XCBuildConfiguration;
			buildSettings = {
				ALWAYS_EMBED_SWIFT_STANDARD_LIBRARIES = YES;
				CODE_SIGN_STYLE = Automatic;
				CURRENT_PROJECT_VERSION = 1;
				DEVELOPMENT_TEAM = CHBW9266RM;
				GENERATE_INFOPLIST_FILE = YES;
				MARKETING_VERSION = 1.0;
				PRODUCT_BUNDLE_IDENTIFIER = me.ericdigioia.QuizUITests;
				PRODUCT_NAME = "$(TARGET_NAME)";
				SWIFT_EMIT_LOC_STRINGS = NO;
				SWIFT_VERSION = 5.0;
				TARGETED_DEVICE_FAMILY = "1,2";
				TEST_TARGET_NAME = Quiz;
			};
			name = Release;
		};
/* End XCBuildConfiguration section */

/* Begin XCConfigurationList section */
		E9FFB2352879FC79003AB06E /* Build configuration list for PBXProject "Quiz" */ = {
			isa = XCConfigurationList;
			buildConfigurations = (
				E9FFB2622879FC7C003AB06E /* Debug */,
				E9FFB2632879FC7C003AB06E /* Release */,
			);
			defaultConfigurationIsVisible = 0;
			defaultConfigurationName = Release;
		};
		E9FFB2642879FC7C003AB06E /* Build configuration list for PBXNativeTarget "Quiz" */ = {
			isa = XCConfigurationList;
			buildConfigurations = (
				E9FFB2652879FC7C003AB06E /* Debug */,
				E9FFB2662879FC7C003AB06E /* Release */,
			);
			defaultConfigurationIsVisible = 0;
			defaultConfigurationName = Release;
		};
		E9FFB2672879FC7C003AB06E /* Build configuration list for PBXNativeTarget "QuizTests" */ = {
			isa = XCConfigurationList;
			buildConfigurations = (
				E9FFB2682879FC7C003AB06E /* Debug */,
				E9FFB2692879FC7C003AB06E /* Release */,
			);
			defaultConfigurationIsVisible = 0;
			defaultConfigurationName = Release;
		};
		E9FFB26A2879FC7C003AB06E /* Build configuration list for PBXNativeTarget "QuizUITests" */ = {
			isa = XCConfigurationList;
			buildConfigurations = (
				E9FFB26B2879FC7C003AB06E /* Debug */,
				E9FFB26C2879FC7C003AB06E /* Release */,
			);
			defaultConfigurationIsVisible = 0;
			defaultConfigurationName = Release;
		};
/* End XCConfigurationList section */
	};
	rootObject = E9FFB2322879FC79003AB06E /* Project object */;
}
